
Microsoft Visual Studio Solution File, Format Version 12.00
# Visual Studio Version 17
VisualStudioVersion = 17.0.31903.59
MinimumVisualStudioVersion = 10.0.40219.1
Project("{2150E333-8FDC-42A3-9474-1A3956D46DE8}") = "1-Fundamentals", "1-Fundamentals", "{61591EE7-6EE6-4210-A8CB-AEDDE545D7B4}"
EndProject
Project("{2150E333-8FDC-42A3-9474-1A3956D46DE8}") = "src", "src", "{202AA007-60A2-4E8D-A31F-48A7307D2840}"
EndProject
Project("{FAE04EC0-301F-11D3-BF4B-00C04F79EFBC}") = "CalculatorLibrary", "1-Fundamentals\src\CalculatorLibrary\CalculatorLibrary.csproj", "{39B952E0-6BFD-4BD0-B806-7F192C398E62}"
EndProject
Project("{2150E333-8FDC-42A3-9474-1A3956D46DE8}") = "test", "test", "{04A783DA-D82F-4928-A005-83314A02403C}"
EndProject
Project("{FAE04EC0-301F-11D3-BF4B-00C04F79EFBC}") = "CalculatorLibrary.Tests.Unit", "1-Fundamentals\test\CalculatorLibrary.Tests.Unit\CalculatorLibrary.Tests.Unit.csproj", "{0B1428C1-9329-48AC-A51C-8BE7D351ACCE}"
EndProject
Project("{2150E333-8FDC-42A3-9474-1A3956D46DE8}") = "2-Techniques", "2-Techniques", "{79CB799D-25F5-4E11-8FE9-FCADCD5142B3}"
EndProject
Project("{2150E333-8FDC-42A3-9474-1A3956D46DE8}") = "src", "src", "{E38A7AD7-8A3F-467A-A25C-CFF65CEB16BC}"
EndProject
Project("{FAE04EC0-301F-11D3-BF4B-00C04F79EFBC}") = "TestingTechniques", "2-Techniques\src\TestingTechniques\TestingTechniques.csproj", "{7D321E14-77C3-43C6-AD9B-DF0A1CB0DD48}"
EndProject
Project("{2150E333-8FDC-42A3-9474-1A3956D46DE8}") = "test", "test", "{383B19BF-BEF9-4FFF-9686-B7D3B817C4EF}"
EndProject
Project("{FAE04EC0-301F-11D3-BF4B-00C04F79EFBC}") = "TestingTechniques.Tests.Unit", "2-Techniques\test\TestingTechniques.Tests.Unit\TestingTechniques.Tests.Unit.csproj", "{8F1D9037-3524-48C5-A6C5-0E6F02F40C2D}"
EndProject
Project("{2150E333-8FDC-42A3-9474-1A3956D46DE8}") = "3-Concepts", "3-Concepts", "{AE3563F2-B65F-43DB-92B1-4B2473843AC9}"
EndProject
Project("{2150E333-8FDC-42A3-9474-1A3956D46DE8}") = "src", "src", "{C708856C-73CD-4DA9-B3AC-26115650BC34}"
EndProject
Project("{FAE04EC0-301F-11D3-BF4B-00C04F79EFBC}") = "UnderstandingDependencies.Api", "3-Concepts\src\UnderstandingDependencies.Api\UnderstandingDependencies.Api.csproj", "{4A1ECE72-70EE-4774-A9D3-054D337569E6}"
EndProject
Project("{2150E333-8FDC-42A3-9474-1A3956D46DE8}") = "test", "test", "{AD5640E2-2126-4DF8-860F-241DDDAF073E}"
EndProject
Project("{FAE04EC0-301F-11D3-BF4B-00C04F79EFBC}") = "UnderstandingDependencies.Api.Tests.Unit", "3-Concepts\test\UnderstandingDependencies.Api.Tests.Unit\UnderstandingDependencies.Api.Tests.Unit.csproj", "{7D2DB4B6-CED9-4F7E-9F0F-6156B9CCBF57}"
EndProject
Global
	GlobalSection(SolutionConfigurationPlatforms) = preSolution
		Debug|Any CPU = Debug|Any CPU
		Release|Any CPU = Release|Any CPU
	EndGlobalSection
	GlobalSection(SolutionProperties) = preSolution
		HideSolutionNode = FALSE
	EndGlobalSection
	GlobalSection(ProjectConfigurationPlatforms) = postSolution
		{39B952E0-6BFD-4BD0-B806-7F192C398E62}.Debug|Any CPU.ActiveCfg = Debug|Any CPU
		{39B952E0-6BFD-4BD0-B806-7F192C398E62}.Debug|Any CPU.Build.0 = Debug|Any CPU
		{39B952E0-6BFD-4BD0-B806-7F192C398E62}.Release|Any CPU.ActiveCfg = Release|Any CPU
		{39B952E0-6BFD-4BD0-B806-7F192C398E62}.Release|Any CPU.Build.0 = Release|Any CPU
		{0B1428C1-9329-48AC-A51C-8BE7D351ACCE}.Debug|Any CPU.ActiveCfg = Debug|Any CPU
		{0B1428C1-9329-48AC-A51C-8BE7D351ACCE}.Debug|Any CPU.Build.0 = Debug|Any CPU
		{0B1428C1-9329-48AC-A51C-8BE7D351ACCE}.Release|Any CPU.ActiveCfg = Release|Any CPU
		{0B1428C1-9329-48AC-A51C-8BE7D351ACCE}.Release|Any CPU.Build.0 = Release|Any CPU
		{7D321E14-77C3-43C6-AD9B-DF0A1CB0DD48}.Debug|Any CPU.ActiveCfg = Debug|Any CPU
		{7D321E14-77C3-43C6-AD9B-DF0A1CB0DD48}.Debug|Any CPU.Build.0 = Debug|Any CPU
		{7D321E14-77C3-43C6-AD9B-DF0A1CB0DD48}.Release|Any CPU.ActiveCfg = Release|Any CPU
		{7D321E14-77C3-43C6-AD9B-DF0A1CB0DD48}.Release|Any CPU.Build.0 = Release|Any CPU
		{8F1D9037-3524-48C5-A6C5-0E6F02F40C2D}.Debug|Any CPU.ActiveCfg = Debug|Any CPU
		{8F1D9037-3524-48C5-A6C5-0E6F02F40C2D}.Debug|Any CPU.Build.0 = Debug|Any CPU
		{8F1D9037-3524-48C5-A6C5-0E6F02F40C2D}.Release|Any CPU.ActiveCfg = Release|Any CPU
		{8F1D9037-3524-48C5-A6C5-0E6F02F40C2D}.Release|Any CPU.Build.0 = Release|Any CPU
		{4A1ECE72-70EE-4774-A9D3-054D337569E6}.Debug|Any CPU.ActiveCfg = Debug|Any CPU
		{4A1ECE72-70EE-4774-A9D3-054D337569E6}.Debug|Any CPU.Build.0 = Debug|Any CPU
		{4A1ECE72-70EE-4774-A9D3-054D337569E6}.Release|Any CPU.ActiveCfg = Release|Any CPU
		{4A1ECE72-70EE-4774-A9D3-054D337569E6}.Release|Any CPU.Build.0 = Release|Any CPU
		{7D2DB4B6-CED9-4F7E-9F0F-6156B9CCBF57}.Debug|Any CPU.ActiveCfg = Debug|Any CPU
		{7D2DB4B6-CED9-4F7E-9F0F-6156B9CCBF57}.Debug|Any CPU.Build.0 = Debug|Any CPU
		{7D2DB4B6-CED9-4F7E-9F0F-6156B9CCBF57}.Release|Any CPU.ActiveCfg = Release|Any CPU
		{7D2DB4B6-CED9-4F7E-9F0F-6156B9CCBF57}.Release|Any CPU.Build.0 = Release|Any CPU
	EndGlobalSection
	GlobalSection(NestedProjects) = preSolution
		{202AA007-60A2-4E8D-A31F-48A7307D2840} = {61591EE7-6EE6-4210-A8CB-AEDDE545D7B4}
		{39B952E0-6BFD-4BD0-B806-7F192C398E62} = {202AA007-60A2-4E8D-A31F-48A7307D2840}
		{04A783DA-D82F-4928-A005-83314A02403C} = {61591EE7-6EE6-4210-A8CB-AEDDE545D7B4}
		{0B1428C1-9329-48AC-A51C-8BE7D351ACCE} = {04A783DA-D82F-4928-A005-83314A02403C}
		{E38A7AD7-8A3F-467A-A25C-CFF65CEB16BC} = {79CB799D-25F5-4E11-8FE9-FCADCD5142B3}
		{7D321E14-77C3-43C6-AD9B-DF0A1CB0DD48} = {E38A7AD7-8A3F-467A-A25C-CFF65CEB16BC}
		{383B19BF-BEF9-4FFF-9686-B7D3B817C4EF} = {79CB799D-25F5-4E11-8FE9-FCADCD5142B3}
		{8F1D9037-3524-48C5-A6C5-0E6F02F40C2D} = {383B19BF-BEF9-4FFF-9686-B7D3B817C4EF}
		{C708856C-73CD-4DA9-B3AC-26115650BC34} = {AE3563F2-B65F-43DB-92B1-4B2473843AC9}
		{4A1ECE72-70EE-4774-A9D3-054D337569E6} = {C708856C-73CD-4DA9-B3AC-26115650BC34}
		{AD5640E2-2126-4DF8-860F-241DDDAF073E} = {AE3563F2-B65F-43DB-92B1-4B2473843AC9}
		{7D2DB4B6-CED9-4F7E-9F0F-6156B9CCBF57} = {AD5640E2-2126-4DF8-860F-241DDDAF073E}
	EndGlobalSection
EndGlobal
